
Microsoft Visual Studio Solution File, Format Version 12.00
# Visual Studio Version 16
VisualStudioVersion = 16.0.31624.102
MinimumVisualStudioVersion = 10.0.40219.1
Project("{FAE04EC0-301F-11D3-BF4B-00C04F79EFBC}") = "FoodWeb", "FoodWeb\FoodWeb.csproj", "{C59A6D6F-46AD-41B9-8752-46A9A5D344E0}"
EndProject
Global
	GlobalSection(SolutionConfigurationPlatforms) = preSolution
		Debug|Any CPU = Debug|Any CPU
		Release|Any CPU = Release|Any CPU
	EndGlobalSection
	GlobalSection(ProjectConfigurationPlatforms) = postSolution
		{C59A6D6F-46AD-41B9-8752-46A9A5D344E0}.Debug|Any CPU.ActiveCfg = Debug|Any CPU
		{C59A6D6F-46AD-41B9-8752-46A9A5D344E0}.Debug|Any CPU.Build.0 = Debug|Any CPU
		{C59A6D6F-46AD-41B9-8752-46A9A5D344E0}.Release|Any CPU.ActiveCfg = Release|Any CPU
		{C59A6D6F-46AD-41B9-8752-46A9A5D344E0}.Release|Any CPU.Build.0 = Release|Any CPU
	EndGlobalSection
	GlobalSection(SolutionProperties) = preSolution
		HideSolutionNode = FALSE
	EndGlobalSection
	GlobalSection(ExtensibilityGlobals) = postSolution
		SolutionGuid = {D2B2A78A-9530-453A-B05C-A2708A6BAF90}
	EndGlobalSection
EndGlobal
